// !$*UTF8*$!
{
	archiveVersion = 1;
	classes = {
	};
	objectVersion = 56;
	objects = {

/* Begin PBXBuildFile section */
		025EFBF42A70432200A58FA2 /* NotesAppApp.swift in Sources */ = {isa = PBXBuildFile; fileRef = 025EFBF32A70432200A58FA2 /* NotesAppApp.swift */; };
		025EFBF62A70432200A58FA2 /* ContentView.swift in Sources */ = {isa = PBXBuildFile; fileRef = 025EFBF52A70432200A58FA2 /* ContentView.swift */; };
		025EFBF82A70432300A58FA2 /* Assets.xcassets in Resources */ = {isa = PBXBuildFile; fileRef = 025EFBF72A70432300A58FA2 /* Assets.xcassets */; };
		025EFBFB2A70432300A58FA2 /* Preview Assets.xcassets in Resources */ = {isa = PBXBuildFile; fileRef = 025EFBFA2A70432300A58FA2 /* Preview Assets.xcassets */; };
		025EFBFD2A70432300A58FA2 /* Persistence.swift in Sources */ = {isa = PBXBuildFile; fileRef = 025EFBFC2A70432300A58FA2 /* Persistence.swift */; };
		025EFC002A70432300A58FA2 /* NotesApp.xcdatamodeld in Sources */ = {isa = PBXBuildFile; fileRef = 025EFBFE2A70432300A58FA2 /* NotesApp.xcdatamodeld */; };
		025EFC0A2A70432300A58FA2 /* NotesAppTests.swift in Sources */ = {isa = PBXBuildFile; fileRef = 025EFC092A70432300A58FA2 /* NotesAppTests.swift */; };
		025EFC142A70432300A58FA2 /* NotesAppUITests.swift in Sources */ = {isa = PBXBuildFile; fileRef = 025EFC132A70432300A58FA2 /* NotesAppUITests.swift */; };
		025EFC162A70432300A58FA2 /* NotesAppUITestsLaunchTests.swift in Sources */ = {isa = PBXBuildFile; fileRef = 025EFC152A70432300A58FA2 /* NotesAppUITestsLaunchTests.swift */; };
		029E7DFA2A74339100F49C79 /* CoreDataManager.swift in Sources */ = {isa = PBXBuildFile; fileRef = 029E7DF82A74339100F49C79 /* CoreDataManager.swift */; };
		029E7DFB2A74339100F49C79 /* CoreDataOperationsProtocol.swift in Sources */ = {isa = PBXBuildFile; fileRef = 029E7DF92A74339100F49C79 /* CoreDataOperationsProtocol.swift */; };
		029E7E002A74350400F49C79 /* DataStructs.swift in Sources */ = {isa = PBXBuildFile; fileRef = 029E7DFF2A74350400F49C79 /* DataStructs.swift */; };
		029E7E022A757E5E00F49C79 /* NotesViewModel.swift in Sources */ = {isa = PBXBuildFile; fileRef = 029E7E012A757E5E00F49C79 /* NotesViewModel.swift */; };
		029E7E412A75CD8000F49C79 /* ItemGridCell.swift in Sources */ = {isa = PBXBuildFile; fileRef = 029E7E402A75CD8000F49C79 /* ItemGridCell.swift */; };
		029E7E452A75CF1D00F49C79 /* WideButton.swift in Sources */ = {isa = PBXBuildFile; fileRef = 029E7E432A75CF1D00F49C79 /* WideButton.swift */; };
		029E7E462A75CF1D00F49C79 /* ColorExtension.swift in Sources */ = {isa = PBXBuildFile; fileRef = 029E7E442A75CF1D00F49C79 /* ColorExtension.swift */; };
		029E7E482A75E59D00F49C79 /* NoteDetailScreen.swift in Sources */ = {isa = PBXBuildFile; fileRef = 029E7E472A75E59D00F49C79 /* NoteDetailScreen.swift */; };
/* End PBXBuildFile section */

/* Begin PBXContainerItemProxy section */
		025EFC062A70432300A58FA2 /* PBXContainerItemProxy */ = {
			isa = PBXContainerItemProxy;
			containerPortal = 025EFBE82A70432200A58FA2 /* Project object */;
			proxyType = 1;
			remoteGlobalIDString = 025EFBEF2A70432200A58FA2;
			remoteInfo = NotesApp;
		};
		025EFC102A70432300A58FA2 /* PBXContainerItemProxy */ = {
			isa = PBXContainerItemProxy;
			containerPortal = 025EFBE82A70432200A58FA2 /* Project object */;
			proxyType = 1;
			remoteGlobalIDString = 025EFBEF2A70432200A58FA2;
			remoteInfo = NotesApp;
		};
/* End PBXContainerItemProxy section */

/* Begin PBXFileReference section */
		025EFBF02A70432200A58FA2 /* NotesApp.app */ = {isa = PBXFileReference; explicitFileType = wrapper.application; includeInIndex = 0; path = NotesApp.app; sourceTree = BUILT_PRODUCTS_DIR; };
		025EFBF32A70432200A58FA2 /* NotesAppApp.swift */ = {isa = PBXFileReference; lastKnownFileType = sourcecode.swift; path = NotesAppApp.swift; sourceTree = "<group>"; };
		025EFBF52A70432200A58FA2 /* ContentView.swift */ = {isa = PBXFileReference; lastKnownFileType = sourcecode.swift; path = ContentView.swift; sourceTree = "<group>"; };
		025EFBF72A70432300A58FA2 /* Assets.xcassets */ = {isa = PBXFileReference; lastKnownFileType = folder.assetcatalog; path = Assets.xcassets; sourceTree = "<group>"; };
		025EFBFA2A70432300A58FA2 /* Preview Assets.xcassets */ = {isa = PBXFileReference; lastKnownFileType = folder.assetcatalog; path = "Preview Assets.xcassets"; sourceTree = "<group>"; };
		025EFBFC2A70432300A58FA2 /* Persistence.swift */ = {isa = PBXFileReference; lastKnownFileType = sourcecode.swift; path = Persistence.swift; sourceTree = "<group>"; };
		025EFBFF2A70432300A58FA2 /* NotesApp.xcdatamodel */ = {isa = PBXFileReference; lastKnownFileType = wrapper.xcdatamodel; path = NotesApp.xcdatamodel; sourceTree = "<group>"; };
		025EFC052A70432300A58FA2 /* NotesAppTests.xctest */ = {isa = PBXFileReference; explicitFileType = wrapper.cfbundle; includeInIndex = 0; path = NotesAppTests.xctest; sourceTree = BUILT_PRODUCTS_DIR; };
		025EFC092A70432300A58FA2 /* NotesAppTests.swift */ = {isa = PBXFileReference; lastKnownFileType = sourcecode.swift; path = NotesAppTests.swift; sourceTree = "<group>"; };
		025EFC0F2A70432300A58FA2 /* NotesAppUITests.xctest */ = {isa = PBXFileReference; explicitFileType = wrapper.cfbundle; includeInIndex = 0; path = NotesAppUITests.xctest; sourceTree = BUILT_PRODUCTS_DIR; };
		025EFC132A70432300A58FA2 /* NotesAppUITests.swift */ = {isa = PBXFileReference; lastKnownFileType = sourcecode.swift; path = NotesAppUITests.swift; sourceTree = "<group>"; };
		025EFC152A70432300A58FA2 /* NotesAppUITestsLaunchTests.swift */ = {isa = PBXFileReference; lastKnownFileType = sourcecode.swift; path = NotesAppUITestsLaunchTests.swift; sourceTree = "<group>"; };
		029E7DF82A74339100F49C79 /* CoreDataManager.swift */ = {isa = PBXFileReference; fileEncoding = 4; lastKnownFileType = sourcecode.swift; path = CoreDataManager.swift; sourceTree = "<group>"; };
		029E7DF92A74339100F49C79 /* CoreDataOperationsProtocol.swift */ = {isa = PBXFileReference; fileEncoding = 4; lastKnownFileType = sourcecode.swift; path = CoreDataOperationsProtocol.swift; sourceTree = "<group>"; };
		029E7DFF2A74350400F49C79 /* DataStructs.swift */ = {isa = PBXFileReference; lastKnownFileType = sourcecode.swift; path = DataStructs.swift; sourceTree = "<group>"; };
		029E7E012A757E5E00F49C79 /* NotesViewModel.swift */ = {isa = PBXFileReference; lastKnownFileType = sourcecode.swift; path = NotesViewModel.swift; sourceTree = "<group>"; };
		029E7E032A75A56D00F49C79 /* NotesApp 2.xcdatamodel */ = {isa = PBXFileReference; lastKnownFileType = wrapper.xcdatamodel; path = "NotesApp 2.xcdatamodel"; sourceTree = "<group>"; };
		029E7E042A75A89100F49C79 /* NotesApp 3.xcdatamodel */ = {isa = PBXFileReference; lastKnownFileType = wrapper.xcdatamodel; path = "NotesApp 3.xcdatamodel"; sourceTree = "<group>"; };
		029E7E402A75CD8000F49C79 /* ItemGridCell.swift */ = {isa = PBXFileReference; lastKnownFileType = sourcecode.swift; path = ItemGridCell.swift; sourceTree = "<group>"; };
		029E7E432A75CF1D00F49C79 /* WideButton.swift */ = {isa = PBXFileReference; fileEncoding = 4; lastKnownFileType = sourcecode.swift; path = WideButton.swift; sourceTree = "<group>"; };
		029E7E442A75CF1D00F49C79 /* ColorExtension.swift */ = {isa = PBXFileReference; fileEncoding = 4; lastKnownFileType = sourcecode.swift; path = ColorExtension.swift; sourceTree = "<group>"; };
		029E7E472A75E59D00F49C79 /* NoteDetailScreen.swift */ = {isa = PBXFileReference; lastKnownFileType = sourcecode.swift; path = NoteDetailScreen.swift; sourceTree = "<group>"; };
/* End PBXFileReference section */

/* Begin PBXFrameworksBuildPhase section */
		025EFBED2A70432200A58FA2 /* Frameworks */ = {
			isa = PBXFrameworksBuildPhase;
			buildActionMask = 2147483647;
			files = (
			);
			runOnlyForDeploymentPostprocessing = 0;
		};
		025EFC022A70432300A58FA2 /* Frameworks */ = {
			isa = PBXFrameworksBuildPhase;
			buildActionMask = 2147483647;
			files = (
			);
			runOnlyForDeploymentPostprocessing = 0;
		};
		025EFC0C2A70432300A58FA2 /* Frameworks */ = {
			isa = PBXFrameworksBuildPhase;
			buildActionMask = 2147483647;
			files = (
			);
			runOnlyForDeploymentPostprocessing = 0;
		};
/* End PBXFrameworksBuildPhase section */

/* Begin PBXGroup section */
		025EFBE72A70432200A58FA2 = {
			isa = PBXGroup;
			children = (
				029E7E422A75CF1D00F49C79 /* Extensions */,
				029E7DFE2A7434D000F49C79 /* ViewModel */,
				029E7DFD2A7434CA00F49C79 /* View */,
				029E7DFC2A7434C200F49C79 /* Model */,
				029E7DF72A74339100F49C79 /* CoreData */,
				025EFBF22A70432200A58FA2 /* NotesApp */,
				025EFC082A70432300A58FA2 /* NotesAppTests */,
				025EFC122A70432300A58FA2 /* NotesAppUITests */,
				025EFBF12A70432200A58FA2 /* Products */,
			);
			sourceTree = "<group>";
		};
		025EFBF12A70432200A58FA2 /* Products */ = {
			isa = PBXGroup;
			children = (
				025EFBF02A70432200A58FA2 /* NotesApp.app */,
				025EFC052A70432300A58FA2 /* NotesAppTests.xctest */,
				025EFC0F2A70432300A58FA2 /* NotesAppUITests.xctest */,
			);
			name = Products;
			sourceTree = "<group>";
		};
		025EFBF22A70432200A58FA2 /* NotesApp */ = {
			isa = PBXGroup;
			children = (
				025EFBF32A70432200A58FA2 /* NotesAppApp.swift */,
				025EFBF72A70432300A58FA2 /* Assets.xcassets */,
				025EFBFC2A70432300A58FA2 /* Persistence.swift */,
				025EFBFE2A70432300A58FA2 /* NotesApp.xcdatamodeld */,
				025EFBF92A70432300A58FA2 /* Preview Content */,
			);
			path = NotesApp;
			sourceTree = "<group>";
		};
		025EFBF92A70432300A58FA2 /* Preview Content */ = {
			isa = PBXGroup;
			children = (
				025EFBFA2A70432300A58FA2 /* Preview Assets.xcassets */,
			);
			path = "Preview Content";
			sourceTree = "<group>";
		};
		025EFC082A70432300A58FA2 /* NotesAppTests */ = {
			isa = PBXGroup;
			children = (
				025EFC092A70432300A58FA2 /* NotesAppTests.swift */,
			);
			path = NotesAppTests;
			sourceTree = "<group>";
		};
		025EFC122A70432300A58FA2 /* NotesAppUITests */ = {
			isa = PBXGroup;
			children = (
				025EFC132A70432300A58FA2 /* NotesAppUITests.swift */,
				025EFC152A70432300A58FA2 /* NotesAppUITestsLaunchTests.swift */,
			);
			path = NotesAppUITests;
			sourceTree = "<group>";
		};
		029E7DF72A74339100F49C79 /* CoreData */ = {
			isa = PBXGroup;
			children = (
				029E7DF82A74339100F49C79 /* CoreDataManager.swift */,
				029E7DF92A74339100F49C79 /* CoreDataOperationsProtocol.swift */,
			);
			path = CoreData;
			sourceTree = "<group>";
		};
		029E7DFC2A7434C200F49C79 /* Model */ = {
			isa = PBXGroup;
			children = (
				029E7DFF2A74350400F49C79 /* DataStructs.swift */,
			);
			path = Model;
			sourceTree = "<group>";
		};
		029E7DFD2A7434CA00F49C79 /* View */ = {
			isa = PBXGroup;
			children = (
				025EFBF52A70432200A58FA2 /* ContentView.swift */,
				029E7E402A75CD8000F49C79 /* ItemGridCell.swift */,
				029E7E472A75E59D00F49C79 /* NoteDetailScreen.swift */,
			);
			path = View;
			sourceTree = "<group>";
		};
		029E7DFE2A7434D000F49C79 /* ViewModel */ = {
			isa = PBXGroup;
			children = (
				029E7E012A757E5E00F49C79 /* NotesViewModel.swift */,
			);
			path = ViewModel;
			sourceTree = "<group>";
		};
		029E7E422A75CF1D00F49C79 /* Extensions */ = {
			isa = PBXGroup;
			children = (
				029E7E432A75CF1D00F49C79 /* WideButton.swift */,
				029E7E442A75CF1D00F49C79 /* ColorExtension.swift */,
			);
			path = Extensions;
			sourceTree = "<group>";
		};
/* End PBXGroup section */

/* Begin PBXNativeTarget section */
		025EFBEF2A70432200A58FA2 /* NotesApp */ = {
			isa = PBXNativeTarget;
			buildConfigurationList = 025EFC192A70432300A58FA2 /* Build configuration list for PBXNativeTarget "NotesApp" */;
			buildPhases = (
				025EFBEC2A70432200A58FA2 /* Sources */,
				025EFBED2A70432200A58FA2 /* Frameworks */,
				025EFBEE2A70432200A58FA2 /* Resources */,
			);
			buildRules = (
			);
			dependencies = (
			);
			name = NotesApp;
			productName = NotesApp;
			productReference = 025EFBF02A70432200A58FA2 /* NotesApp.app */;
			productType = "com.apple.product-type.application";
		};
		025EFC042A70432300A58FA2 /* NotesAppTests */ = {
			isa = PBXNativeTarget;
			buildConfigurationList = 025EFC1C2A70432300A58FA2 /* Build configuration list for PBXNativeTarget "NotesAppTests" */;
			buildPhases = (
				025EFC012A70432300A58FA2 /* Sources */,
				025EFC022A70432300A58FA2 /* Frameworks */,
				025EFC032A70432300A58FA2 /* Resources */,
			);
			buildRules = (
			);
			dependencies = (
				025EFC072A70432300A58FA2 /* PBXTargetDependency */,
			);
			name = NotesAppTests;
			productName = NotesAppTests;
			productReference = 025EFC052A70432300A58FA2 /* NotesAppTests.xctest */;
			productType = "com.apple.product-type.bundle.unit-test";
		};
		025EFC0E2A70432300A58FA2 /* NotesAppUITests */ = {
			isa = PBXNativeTarget;
			buildConfigurationList = 025EFC1F2A70432300A58FA2 /* Build configuration list for PBXNativeTarget "NotesAppUITests" */;
			buildPhases = (
				025EFC0B2A70432300A58FA2 /* Sources */,
				025EFC0C2A70432300A58FA2 /* Frameworks */,
				025EFC0D2A70432300A58FA2 /* Resources */,
			);
			buildRules = (
			);
			dependencies = (
				025EFC112A70432300A58FA2 /* PBXTargetDependency */,
			);
			name = NotesAppUITests;
			productName = NotesAppUITests;
			productReference = 025EFC0F2A70432300A58FA2 /* NotesAppUITests.xctest */;
			productType = "com.apple.product-type.bundle.ui-testing";
		};
/* End PBXNativeTarget section */

/* Begin PBXProject section */
		025EFBE82A70432200A58FA2 /* Project object */ = {
			isa = PBXProject;
			attributes = {
				BuildIndependentTargetsInParallel = 1;
				LastSwiftUpdateCheck = 1430;
				LastUpgradeCheck = 1430;
				TargetAttributes = {
					025EFBEF2A70432200A58FA2 = {
						CreatedOnToolsVersion = 14.3.1;
					};
					025EFC042A70432300A58FA2 = {
						CreatedOnToolsVersion = 14.3.1;
						TestTargetID = 025EFBEF2A70432200A58FA2;
					};
					025EFC0E2A70432300A58FA2 = {
						CreatedOnToolsVersion = 14.3.1;
						TestTargetID = 025EFBEF2A70432200A58FA2;
					};
				};
			};
			buildConfigurationList = 025EFBEB2A70432200A58FA2 /* Build configuration list for PBXProject "NotesApp" */;
			compatibilityVersion = "Xcode 14.0";
			developmentRegion = en;
			hasScannedForEncodings = 0;
			knownRegions = (
				en,
				Base,
			);
			mainGroup = 025EFBE72A70432200A58FA2;
			productRefGroup = 025EFBF12A70432200A58FA2 /* Products */;
			projectDirPath = "";
			projectRoot = "";
			targets = (
				025EFBEF2A70432200A58FA2 /* NotesApp */,
				025EFC042A70432300A58FA2 /* NotesAppTests */,
				025EFC0E2A70432300A58FA2 /* NotesAppUITests */,
			);
		};
/* End PBXProject section */

/* Begin PBXResourcesBuildPhase section */
		025EFBEE2A70432200A58FA2 /* Resources */ = {
			isa = PBXResourcesBuildPhase;
			buildActionMask = 2147483647;
			files = (
				025EFBFB2A70432300A58FA2 /* Preview Assets.xcassets in Resources */,
				025EFBF82A70432300A58FA2 /* Assets.xcassets in Resources */,
			);
			runOnlyForDeploymentPostprocessing = 0;
		};
		025EFC032A70432300A58FA2 /* Resources */ = {
			isa = PBXResourcesBuildPhase;
			buildActionMask = 2147483647;
			files = (
			);
			runOnlyForDeploymentPostprocessing = 0;
		};
		025EFC0D2A70432300A58FA2 /* Resources */ = {
			isa = PBXResourcesBuildPhase;
			buildActionMask = 2147483647;
			files = (
			);
			runOnlyForDeploymentPostprocessing = 0;
		};
/* End PBXResourcesBuildPhase section */

/* Begin PBXSourcesBuildPhase section */
		025EFBEC2A70432200A58FA2 /* Sources */ = {
			isa = PBXSourcesBuildPhase;
			buildActionMask = 2147483647;
			files = (
				025EFBFD2A70432300A58FA2 /* Persistence.swift in Sources */,
				025EFBF62A70432200A58FA2 /* ContentView.swift in Sources */,
				029E7DFB2A74339100F49C79 /* CoreDataOperationsProtocol.swift in Sources */,
				025EFBF42A70432200A58FA2 /* NotesAppApp.swift in Sources */,
				029E7E412A75CD8000F49C79 /* ItemGridCell.swift in Sources */,
				029E7E022A757E5E00F49C79 /* NotesViewModel.swift in Sources */,
				029E7E452A75CF1D00F49C79 /* WideButton.swift in Sources */,
				029E7DFA2A74339100F49C79 /* CoreDataManager.swift in Sources */,
				029E7E002A74350400F49C79 /* DataStructs.swift in Sources */,
				029E7E462A75CF1D00F49C79 /* ColorExtension.swift in Sources */,
				029E7E482A75E59D00F49C79 /* NoteDetailScreen.swift in Sources */,
				025EFC002A70432300A58FA2 /* NotesApp.xcdatamodeld in Sources */,
			);
			runOnlyForDeploymentPostprocessing = 0;
		};
		025EFC012A70432300A58FA2 /* Sources */ = {
			isa = PBXSourcesBuildPhase;
			buildActionMask = 2147483647;
			files = (
				025EFC0A2A70432300A58FA2 /* NotesAppTests.swift in Sources */,
			);
			runOnlyForDeploymentPostprocessing = 0;
		};
		025EFC0B2A70432300A58FA2 /* Sources */ = {
			isa = PBXSourcesBuildPhase;
			buildActionMask = 2147483647;
			files = (
				025EFC162A70432300A58FA2 /* NotesAppUITestsLaunchTests.swift in Sources */,
				025EFC142A70432300A58FA2 /* NotesAppUITests.swift in Sources */,
			);
			runOnlyForDeploymentPostprocessing = 0;
		};
/* End PBXSourcesBuildPhase section */

/* Begin PBXTargetDependency section */
		025EFC072A70432300A58FA2 /* PBXTargetDependency */ = {
			isa = PBXTargetDependency;
			target = 025EFBEF2A70432200A58FA2 /* NotesApp */;
			targetProxy = 025EFC062A70432300A58FA2 /* PBXContainerItemProxy */;
		};
		025EFC112A70432300A58FA2 /* PBXTargetDependency */ = {
			isa = PBXTargetDependency;
			target = 025EFBEF2A70432200A58FA2 /* NotesApp */;
			targetProxy = 025EFC102A70432300A58FA2 /* PBXContainerItemProxy */;
		};
/* End PBXTargetDependency section */

/* Begin XCBuildConfiguration section */
		025EFC172A70432300A58FA2 /* Debug */ = {
			isa = XCBuildConfiguration;
			buildSettings = {
				ALWAYS_SEARCH_USER_PATHS = NO;
				CLANG_ANALYZER_NONNULL = YES;
				CLANG_ANALYZER_NUMBER_OBJECT_CONVERSION = YES_AGGRESSIVE;
				CLANG_CXX_LANGUAGE_STANDARD = "gnu++20";
				CLANG_ENABLE_MODULES = YES;
				CLANG_ENABLE_OBJC_ARC = YES;
				CLANG_ENABLE_OBJC_WEAK = YES;
				CLANG_WARN_BLOCK_CAPTURE_AUTORELEASING = YES;
				CLANG_WARN_BOOL_CONVERSION = YES;
				CLANG_WARN_COMMA = YES;
				CLANG_WARN_CONSTANT_CONVERSION = YES;
				CLANG_WARN_DEPRECATED_OBJC_IMPLEMENTATIONS = YES;
				CLANG_WARN_DIRECT_OBJC_ISA_USAGE = YES_ERROR;
				CLANG_WARN_DOCUMENTATION_COMMENTS = YES;
				CLANG_WARN_EMPTY_BODY = YES;
				CLANG_WARN_ENUM_CONVERSION = YES;
				CLANG_WARN_INFINITE_RECURSION = YES;
				CLANG_WARN_INT_CONVERSION = YES;
				CLANG_WARN_NON_LITERAL_NULL_CONVERSION = YES;
				CLANG_WARN_OBJC_IMPLICIT_RETAIN_SELF = YES;
				CLANG_WARN_OBJC_LITERAL_CONVERSION = YES;
				CLANG_WARN_OBJC_ROOT_CLASS = YES_ERROR;
				CLANG_WARN_QUOTED_INCLUDE_IN_FRAMEWORK_HEADER = YES;
				CLANG_WARN_RANGE_LOOP_ANALYSIS = YES;
				CLANG_WARN_STRICT_PROTOTYPES = YES;
				CLANG_WARN_SUSPICIOUS_MOVE = YES;
				CLANG_WARN_UNGUARDED_AVAILABILITY = YES_AGGRESSIVE;
				CLANG_WARN_UNREACHABLE_CODE = YES;
				CLANG_WARN__DUPLICATE_METHOD_MATCH = YES;
				COPY_PHASE_STRIP = NO;
				DEBUG_INFORMATION_FORMAT = dwarf;
				ENABLE_STRICT_OBJC_MSGSEND = YES;
				ENABLE_TESTABILITY = YES;
				GCC_C_LANGUAGE_STANDARD = gnu11;
				GCC_DYNAMIC_NO_PIC = NO;
				GCC_NO_COMMON_BLOCKS = YES;
				GCC_OPTIMIZATION_LEVEL = 0;
				GCC_PREPROCESSOR_DEFINITIONS = (
					"DEBUG=1",
					"$(inherited)",
				);
				GCC_WARN_64_TO_32_BIT_CONVERSION = YES;
				GCC_WARN_ABOUT_RETURN_TYPE = YES_ERROR;
				GCC_WARN_UNDECLARED_SELECTOR = YES;
				GCC_WARN_UNINITIALIZED_AUTOS = YES_AGGRESSIVE;
				GCC_WARN_UNUSED_FUNCTION = YES;
				GCC_WARN_UNUSED_VARIABLE = YES;
				IPHONEOS_DEPLOYMENT_TARGET = 16.4;
				MTL_ENABLE_DEBUG_INFO = INCLUDE_SOURCE;
				MTL_FAST_MATH = YES;
				ONLY_ACTIVE_ARCH = YES;
				SDKROOT = iphoneos;
				SWIFT_ACTIVE_COMPILATION_CONDITIONS = DEBUG;
				SWIFT_OPTIMIZATION_LEVEL = "-Onone";
			};
			name = Debug;
		};
		025EFC182A70432300A58FA2 /* Release */ = {
			isa = XCBuildConfiguration;
			buildSettings = {
				ALWAYS_SEARCH_USER_PATHS = NO;
				CLANG_ANALYZER_NONNULL = YES;
				CLANG_ANALYZER_NUMBER_OBJECT_CONVERSION = YES_AGGRESSIVE;
				CLANG_CXX_LANGUAGE_STANDARD = "gnu++20";
				CLANG_ENABLE_MODULES = YES;
				CLANG_ENABLE_OBJC_ARC = YES;
				CLANG_ENABLE_OBJC_WEAK = YES;
				CLANG_WARN_BLOCK_CAPTURE_AUTORELEASING = YES;
				CLANG_WARN_BOOL_CONVERSION = YES;
				CLANG_WARN_COMMA = YES;
				CLANG_WARN_CONSTANT_CONVERSION = YES;
				CLANG_WARN_DEPRECATED_OBJC_IMPLEMENTATIONS = YES;
				CLANG_WARN_DIRECT_OBJC_ISA_USAGE = YES_ERROR;
				CLANG_WARN_DOCUMENTATION_COMMENTS = YES;
				CLANG_WARN_EMPTY_BODY = YES;
				CLANG_WARN_ENUM_CONVERSION = YES;
				CLANG_WARN_INFINITE_RECURSION = YES;
				CLANG_WARN_INT_CONVERSION = YES;
				CLANG_WARN_NON_LITERAL_NULL_CONVERSION = YES;
				CLANG_WARN_OBJC_IMPLICIT_RETAIN_SELF = YES;
				CLANG_WARN_OBJC_LITERAL_CONVERSION = YES;
				CLANG_WARN_OBJC_ROOT_CLASS = YES_ERROR;
				CLANG_WARN_QUOTED_INCLUDE_IN_FRAMEWORK_HEADER = YES;
				CLANG_WARN_RANGE_LOOP_ANALYSIS = YES;
				CLANG_WARN_STRICT_PROTOTYPES = YES;
				CLANG_WARN_SUSPICIOUS_MOVE = YES;
				CLANG_WARN_UNGUARDED_AVAILABILITY = YES_AGGRESSIVE;
				CLANG_WARN_UNREACHABLE_CODE = YES;
				CLANG_WARN__DUPLICATE_METHOD_MATCH = YES;
				COPY_PHASE_STRIP = NO;
				DEBUG_INFORMATION_FORMAT = "dwarf-with-dsym";
				ENABLE_NS_ASSERTIONS = NO;
				ENABLE_STRICT_OBJC_MSGSEND = YES;
				GCC_C_LANGUAGE_STANDARD = gnu11;
				GCC_NO_COMMON_BLOCKS = YES;
				GCC_WARN_64_TO_32_BIT_CONVERSION = YES;
				GCC_WARN_ABOUT_RETURN_TYPE = YES_ERROR;
				GCC_WARN_UNDECLARED_SELECTOR = YES;
				GCC_WARN_UNINITIALIZED_AUTOS = YES_AGGRESSIVE;
				GCC_WARN_UNUSED_FUNCTION = YES;
				GCC_WARN_UNUSED_VARIABLE = YES;
				IPHONEOS_DEPLOYMENT_TARGET = 16.4;
				MTL_ENABLE_DEBUG_INFO = NO;
				MTL_FAST_MATH = YES;
				SDKROOT = iphoneos;
				SWIFT_COMPILATION_MODE = wholemodule;
				SWIFT_OPTIMIZATION_LEVEL = "-O";
				VALIDATE_PRODUCT = YES;
			};
			name = Release;
		};
		025EFC1A2A70432300A58FA2 /* Debug */ = {
			isa = XCBuildConfiguration;
			buildSettings = {
				ASSETCATALOG_COMPILER_APPICON_NAME = AppIcon;
				ASSETCATALOG_COMPILER_GLOBAL_ACCENT_COLOR_NAME = AccentColor;
				CODE_SIGN_STYLE = Automatic;
				CURRENT_PROJECT_VERSION = 1;
				DEVELOPMENT_ASSET_PATHS = "\"NotesApp/Preview Content\"";
				ENABLE_PREVIEWS = YES;
				GENERATE_INFOPLIST_FILE = YES;
				INFOPLIST_KEY_UIApplicationSceneManifest_Generation = YES;
				INFOPLIST_KEY_UIApplicationSupportsIndirectInputEvents = YES;
				INFOPLIST_KEY_UILaunchScreen_Generation = YES;
				INFOPLIST_KEY_UISupportedInterfaceOrientations_iPad = "UIInterfaceOrientationPortrait UIInterfaceOrientationPortraitUpsideDown UIInterfaceOrientationLandscapeLeft UIInterfaceOrientationLandscapeRight";
				INFOPLIST_KEY_UISupportedInterfaceOrientations_iPhone = "UIInterfaceOrientationPortrait UIInterfaceOrientationLandscapeLeft UIInterfaceOrientationLandscapeRight";
				LD_RUNPATH_SEARCH_PATHS = (
					"$(inherited)",
					"@executable_path/Frameworks",
				);
				MARKETING_VERSION = 1.0;
				PRODUCT_BUNDLE_IDENTIFIER = "some-name.NotesApp";
				PRODUCT_NAME = "$(TARGET_NAME)";
				SWIFT_EMIT_LOC_STRINGS = YES;
				SWIFT_VERSION = 5.0;
				TARGETED_DEVICE_FAMILY = "1,2";
			};
			name = Debug;
		};
		025EFC1B2A70432300A58FA2 /* Release */ = {
			isa = XCBuildConfiguration;
			buildSettings = {
				ASSETCATALOG_COMPILER_APPICON_NAME = AppIcon;
				ASSETCATALOG_COMPILER_GLOBAL_ACCENT_COLOR_NAME = AccentColor;
				CODE_SIGN_STYLE = Automatic;
				CURRENT_PROJECT_VERSION = 1;
				DEVELOPMENT_ASSET_PATHS = "\"NotesApp/Preview Content\"";
				ENABLE_PREVIEWS = YES;
				GENERATE_INFOPLIST_FILE = YES;
				INFOPLIST_KEY_UIApplicationSceneManifest_Generation = YES;
				INFOPLIST_KEY_UIApplicationSupportsIndirectInputEvents = YES;
				INFOPLIST_KEY_UILaunchScreen_Generation = YES;
				INFOPLIST_KEY_UISupportedInterfaceOrientations_iPad = "UIInterfaceOrientationPortrait UIInterfaceOrientationPortraitUpsideDown UIInterfaceOrientationLandscapeLeft UIInterfaceOrientationLandscapeRight";
				INFOPLIST_KEY_UISupportedInterfaceOrientations_iPhone = "UIInterfaceOrientationPortrait UIInterfaceOrientationLandscapeLeft UIInterfaceOrientationLandscapeRight";
				LD_RUNPATH_SEARCH_PATHS = (
					"$(inherited)",
					"@executable_path/Frameworks",
				);
				MARKETING_VERSION = 1.0;
				PRODUCT_BUNDLE_IDENTIFIER = "some-name.NotesApp";
				PRODUCT_NAME = "$(TARGET_NAME)";
				SWIFT_EMIT_LOC_STRINGS = YES;
				SWIFT_VERSION = 5.0;
				TARGETED_DEVICE_FAMILY = "1,2";
			};
			name = Release;
		};
		025EFC1D2A70432300A58FA2 /* Debug */ = {
			isa = XCBuildConfiguration;
			buildSettings = {
				ALWAYS_EMBED_SWIFT_STANDARD_LIBRARIES = YES;
				BUNDLE_LOADER = "$(TEST_HOST)";
				CODE_SIGN_STYLE = Automatic;
				CURRENT_PROJECT_VERSION = 1;
				GENERATE_INFOPLIST_FILE = YES;
				IPHONEOS_DEPLOYMENT_TARGET = 16.4;
				MARKETING_VERSION = 1.0;
				PRODUCT_BUNDLE_IDENTIFIER = "some-name.NotesAppTests";
				PRODUCT_NAME = "$(TARGET_NAME)";
				SWIFT_EMIT_LOC_STRINGS = NO;
				SWIFT_VERSION = 5.0;
				TARGETED_DEVICE_FAMILY = "1,2";
				TEST_HOST = "$(BUILT_PRODUCTS_DIR)/NotesApp.app/$(BUNDLE_EXECUTABLE_FOLDER_PATH)/NotesApp";
			};
			name = Debug;
		};
		025EFC1E2A70432300A58FA2 /* Release */ = {
			isa = XCBuildConfiguration;
			buildSettings = {
				ALWAYS_EMBED_SWIFT_STANDARD_LIBRARIES = YES;
				BUNDLE_LOADER = "$(TEST_HOST)";
				CODE_SIGN_STYLE = Automatic;
				CURRENT_PROJECT_VERSION = 1;
				GENERATE_INFOPLIST_FILE = YES;
				IPHONEOS_DEPLOYMENT_TARGET = 16.4;
				MARKETING_VERSION = 1.0;
				PRODUCT_BUNDLE_IDENTIFIER = "some-name.NotesAppTests";
				PRODUCT_NAME = "$(TARGET_NAME)";
				SWIFT_EMIT_LOC_STRINGS = NO;
				SWIFT_VERSION = 5.0;
				TARGETED_DEVICE_FAMILY = "1,2";
				TEST_HOST = "$(BUILT_PRODUCTS_DIR)/NotesApp.app/$(BUNDLE_EXECUTABLE_FOLDER_PATH)/NotesApp";
			};
			name = Release;
		};
		025EFC202A70432300A58FA2 /* Debug */ = {
			isa = XCBuildConfiguration;
			buildSettings = {
				ALWAYS_EMBED_SWIFT_STANDARD_LIBRARIES = YES;
				CODE_SIGN_STYLE = Automatic;
				CURRENT_PROJECT_VERSION = 1;
				GENERATE_INFOPLIST_FILE = YES;
				MARKETING_VERSION = 1.0;
				PRODUCT_BUNDLE_IDENTIFIER = "some-name.NotesAppUITests";
				PRODUCT_NAME = "$(TARGET_NAME)";
				SWIFT_EMIT_LOC_STRINGS = NO;
				SWIFT_VERSION = 5.0;
				TARGETED_DEVICE_FAMILY = "1,2";
				TEST_TARGET_NAME = NotesApp;
			};
			name = Debug;
		};
		025EFC212A70432300A58FA2 /* Release */ = {
			isa = XCBuildConfiguration;
			buildSettings = {
				ALWAYS_EMBED_SWIFT_STANDARD_LIBRARIES = YES;
				CODE_SIGN_STYLE = Automatic;
				CURRENT_PROJECT_VERSION = 1;
				GENERATE_INFOPLIST_FILE = YES;
				MARKETING_VERSION = 1.0;
				PRODUCT_BUNDLE_IDENTIFIER = "some-name.NotesAppUITests";
				PRODUCT_NAME = "$(TARGET_NAME)";
				SWIFT_EMIT_LOC_STRINGS = NO;
				SWIFT_VERSION = 5.0;
				TARGETED_DEVICE_FAMILY = "1,2";
				TEST_TARGET_NAME = NotesApp;
			};
			name = Release;
		};
/* End XCBuildConfiguration section */

/* Begin XCConfigurationList section */
		025EFBEB2A70432200A58FA2 /* Build configuration list for PBXProject "NotesApp" */ = {
			isa = XCConfigurationList;
			buildConfigurations = (
				025EFC172A70432300A58FA2 /* Debug */,
				025EFC182A70432300A58FA2 /* Release */,
			);
			defaultConfigurationIsVisible = 0;
			defaultConfigurationName = Release;
		};
		025EFC192A70432300A58FA2 /* Build configuration list for PBXNativeTarget "NotesApp" */ = {
			isa = XCConfigurationList;
			buildConfigurations = (
				025EFC1A2A70432300A58FA2 /* Debug */,
				025EFC1B2A70432300A58FA2 /* Release */,
			);
			defaultConfigurationIsVisible = 0;
			defaultConfigurationName = Release;
		};
		025EFC1C2A70432300A58FA2 /* Build configuration list for PBXNativeTarget "NotesAppTests" */ = {
			isa = XCConfigurationList;
			buildConfigurations = (
				025EFC1D2A70432300A58FA2 /* Debug */,
				025EFC1E2A70432300A58FA2 /* Release */,
			);
			defaultConfigurationIsVisible = 0;
			defaultConfigurationName = Release;
		};
		025EFC1F2A70432300A58FA2 /* Build configuration list for PBXNativeTarget "NotesAppUITests" */ = {
			isa = XCConfigurationList;
			buildConfigurations = (
				025EFC202A70432300A58FA2 /* Debug */,
				025EFC212A70432300A58FA2 /* Release */,
			);
			defaultConfigurationIsVisible = 0;
			defaultConfigurationName = Release;
		};
/* End XCConfigurationList section */

/* Begin XCVersionGroup section */
		025EFBFE2A70432300A58FA2 /* NotesApp.xcdatamodeld */ = {
			isa = XCVersionGroup;
			children = (
				029E7E042A75A89100F49C79 /* NotesApp 3.xcdatamodel */,
				029E7E032A75A56D00F49C79 /* NotesApp 2.xcdatamodel */,
				025EFBFF2A70432300A58FA2 /* NotesApp.xcdatamodel */,
			);
			currentVersion = 029E7E032A75A56D00F49C79 /* NotesApp 2.xcdatamodel */;
			path = NotesApp.xcdatamodeld;
			sourceTree = "<group>";
			versionGroupType = wrapper.xcdatamodel;
		};
/* End XCVersionGroup section */
	};
	rootObject = 025EFBE82A70432200A58FA2 /* Project object */;
}
